{
    "_readme": [
        "This file locks the dependencies of your project to a known state",
        "Read more about it at https://getcomposer.org/doc/01-basic-usage.md#installing-dependencies",
        "This file is @generated automatically"
    ],
    "content-hash": "5824d5efe55ffb32c596e5870ed55820",
    "packages": [
        {
            "name": "jmrashed/zkteco",
            "version": "2.1.0",
            "source": {
                "type": "git",
                "url": "https://github.com/jmrashed/zkteco.git",
                "reference": "06873e6fedb44a302fcb147526ce1ed176f6aa86"
            },
            "dist": {
                "type": "zip",
                "url": "https://api.github.com/repos/jmrashed/zkteco/zipball/06873e6fedb44a302fcb147526ce1ed176f6aa86",
                "reference": "06873e6fedb44a302fcb147526ce1ed176f6aa86",
                "shasum": ""
            },
            "require": {
                "ext-sockets": "*",
                "php": "^8.1"
            },
            "require-dev": {
                "friendsofphp/php-cs-fixer": "^3.0",
                "orchestra/testbench": "^9.0",
                "phpstan/phpstan": "^1.12",
                "phpunit/phpunit": "^10.0"
            },
            "type": "library",
            "autoload": {
                "psr-4": {
                    "Jmrashed\\Zkteco\\": "src"
                }
            },
            "notification-url": "https://packagist.org/downloads/",
            "license": [
                "MIT"
            ],
            "authors": [
                {
                    "name": "Md Rasheduzzaman",
                    "email": "jmrashed@gmail.com"
                }
            ],
            "description": "ZKTeco Package For Laravel. This package provides seamless integration with ZKTeco devices within Laravel applications, enabling communication with attendance devices such as fingerprint, face recognition, or RFID using UDP protocol.",
            "support": {
                "issues": "https://github.com/jmrashed/zkteco/issues",
                "source": "https://github.com/jmrashed/zkteco/tree/v2.1.0"
            },
            "time": "2026-07-25T17:47:23+00:00"
        }
    ],
    "packages-dev": [],
    "aliases": [],
    "minimum-stability": "stable",
    "stability-flags": {},
    "prefer-stable": false,
    "prefer-lowest": false,
    "platform": {},
    "platform-dev": {},
    "plugin-api-version": "2.9.0"
}
